
Microsoft Visual Studio Solution File, Format Version 12.00
# Visual Studio Version 17
VisualStudioVersion = 17.10.34928.147
MinimumVisualStudioVersion = 10.0.40219.1
Project("{FAE04EC0-301F-11D3-BF4B-00C04F79EFBC}") = "Client", "Client\Client.csproj", "{FAFC312F-EFA3-490A-89CC-EB625D7CB8C0}"
EndProject
Project("{FAE04EC0-301F-11D3-BF4B-00C04F79EFBC}") = "Server", "Server\Server.csproj", "{0CB84D4F-AEAC-48C3-831C-F9440AE1E6A4}"
EndProject
Global
	GlobalSection(SolutionConfigurationPlatforms) = preSolution
		Debug|Any CPU = Debug|Any CPU
		Release|Any CPU = Release|Any CPU
	EndGlobalSection
	GlobalSection(ProjectConfigurationPlatforms) = postSolution
		{FAFC312F-EFA3-490A-89CC-EB625D7CB8C0}.Debug|Any CPU.ActiveCfg = Debug|Any CPU
		{FAFC312F-EFA3-490A-89CC-EB625D7CB8C0}.Debug|Any CPU.Build.0 = Debug|Any CPU
		{FAFC312F-EFA3-490A-89CC-EB625D7CB8C0}.Release|Any CPU.ActiveCfg = Release|Any CPU
		{FAFC312F-EFA3-490A-89CC-EB625D7CB8C0}.Release|Any CPU.Build.0 = Release|Any CPU
		{0CB84D4F-AEAC-48C3-831C-F9440AE1E6A4}.Debug|Any CPU.ActiveCfg = Debug|Any CPU
		{0CB84D4F-AEAC-48C3-831C-F9440AE1E6A4}.Debug|Any CPU.Build.0 = Debug|Any CPU
		{0CB84D4F-AEAC-48C3-831C-F9440AE1E6A4}.Release|Any CPU.ActiveCfg = Release|Any CPU
		{0CB84D4F-AEAC-48C3-831C-F9440AE1E6A4}.Release|Any CPU.Build.0 = Release|Any CPU
	EndGlobalSection
	GlobalSection(SolutionProperties) = preSolution
		HideSolutionNode = FALSE
	EndGlobalSection
	GlobalSection(ExtensibilityGlobals) = postSolution
		SolutionGuid = {2BCBEC74-FC45-4F20-8D2B-6ADAD4548089}
	EndGlobalSection
EndGlobal
