
Microsoft Visual Studio Solution File, Format Version 12.00
# Visual Studio Version 17
VisualStudioVersion = 17.11.35312.102
MinimumVisualStudioVersion = 10.0.40219.1
Project("{FAE04EC0-301F-11D3-BF4B-00C04F79EFBC}") = "ClientForm", "ClientForm\ClientForm.csproj", "{FF8C790A-0A53-4D0E-8261-969DAD1E8336}"
EndProject
Project("{FAE04EC0-301F-11D3-BF4B-00C04F79EFBC}") = "ServerForm", "ServerForm\ServerForm.csproj", "{29F92B6E-2F06-4A35-B3D3-E48D9B0A6752}"
EndProject
Global
	GlobalSection(SolutionConfigurationPlatforms) = preSolution
		Debug|Any CPU = Debug|Any CPU
		Release|Any CPU = Release|Any CPU
	EndGlobalSection
	GlobalSection(ProjectConfigurationPlatforms) = postSolution
		{FF8C790A-0A53-4D0E-8261-969DAD1E8336}.Debug|Any CPU.ActiveCfg = Debug|Any CPU
		{FF8C790A-0A53-4D0E-8261-969DAD1E8336}.Debug|Any CPU.Build.0 = Debug|Any CPU
		{FF8C790A-0A53-4D0E-8261-969DAD1E8336}.Release|Any CPU.ActiveCfg = Release|Any CPU
		{FF8C790A-0A53-4D0E-8261-969DAD1E8336}.Release|Any CPU.Build.0 = Release|Any CPU
		{29F92B6E-2F06-4A35-B3D3-E48D9B0A6752}.Debug|Any CPU.ActiveCfg = Debug|Any CPU
		{29F92B6E-2F06-4A35-B3D3-E48D9B0A6752}.Debug|Any CPU.Build.0 = Debug|Any CPU
		{29F92B6E-2F06-4A35-B3D3-E48D9B0A6752}.Release|Any CPU.ActiveCfg = Release|Any CPU
		{29F92B6E-2F06-4A35-B3D3-E48D9B0A6752}.Release|Any CPU.Build.0 = Release|Any CPU
	EndGlobalSection
	GlobalSection(SolutionProperties) = preSolution
		HideSolutionNode = FALSE
	EndGlobalSection
	GlobalSection(ExtensibilityGlobals) = postSolution
		SolutionGuid = {ECA88E85-9004-466B-90AF-BF87BA6D0AB4}
	EndGlobalSection
EndGlobal
